
Microsoft Visual Studio Solution File, Format Version 11.00
# Visual Studio 2010
Project("{FAE04EC0-301F-11D3-BF4B-00C04F79EFBC}") = "TankGauntlet", "TankGauntlet\TankGauntlet\TankGauntlet.csproj", "{D97673B4-06B1-4AD6-AFF9-97240DEB05C6}"
EndProject
Project("{96E2B04D-8817-42C6-938A-82C39BA4D311}") = "TankGauntletContent", "TankGauntlet\TankGauntletContent\TankGauntletContent.contentproj", "{AE6AA3DC-09F9-4D55-A3D4-6F5322B7C0F4}"
EndProject
Global
	GlobalSection(SolutionConfigurationPlatforms) = preSolution
		Debug|Windows Phone = Debug|Windows Phone
		Release|Windows Phone = Release|Windows Phone
	EndGlobalSection
	GlobalSection(ProjectConfigurationPlatforms) = postSolution
		{D97673B4-06B1-4AD6-AFF9-97240DEB05C6}.Debug|Windows Phone.ActiveCfg = Debug|Windows Phone
		{D97673B4-06B1-4AD6-AFF9-97240DEB05C6}.Debug|Windows Phone.Build.0 = Debug|Windows Phone
		{D97673B4-06B1-4AD6-AFF9-97240DEB05C6}.Debug|Windows Phone.Deploy.0 = Debug|Windows Phone
		{D97673B4-06B1-4AD6-AFF9-97240DEB05C6}.Release|Windows Phone.ActiveCfg = Release|Windows Phone
		{D97673B4-06B1-4AD6-AFF9-97240DEB05C6}.Release|Windows Phone.Build.0 = Release|Windows Phone
		{D97673B4-06B1-4AD6-AFF9-97240DEB05C6}.Release|Windows Phone.Deploy.0 = Release|Windows Phone
		{AE6AA3DC-09F9-4D55-A3D4-6F5322B7C0F4}.Debug|Windows Phone.ActiveCfg = Debug|Windows Phone
		{AE6AA3DC-09F9-4D55-A3D4-6F5322B7C0F4}.Release|Windows Phone.ActiveCfg = Release|Windows Phone
	EndGlobalSection
	GlobalSection(SolutionProperties) = preSolution
		HideSolutionNode = FALSE
	EndGlobalSection
EndGlobal
